# This file is automatically @generated by Poetry and should not be changed by hand.

[[package]]
name = "docopt"
version = "0.6.2"
description = "Pythonic argument parser, that will make you smile"
category = "main"
optional = false
python-versions = "*"
files = [
    {file = "docopt-0.6.2.tar.gz", hash = "sha256:49b3a825280bd66b3aa83585ef59c4a8c82f2c8a522dbe754a8bc8d08c85c491"},
]

[metadata]
lock-version = "2.0"
python-versions = "^3.10"
content-hash = "375e22a0892c3ebdf1614a54c90e7b74c462aab100ad8a185710b91153a9cb3c"
